// !$*UTF8*$!
{
	archiveVersion = 1;
	classes = {
	};
	objectVersion = 46;
	objects = {

/* Begin PBXBuildFile section */
		4522808994A74301B21BC320 /* libPods.a in Frameworks */ = {isa = PBXBuildFile; fileRef = 74E3145652C244F3886D4C23 /* libPods.a */; };
		A1C7C24E19C107C2002CF1DE /* AppDelegate.swift in Sources */ = {isa = PBXBuildFile; fileRef = A1C7C24D19C107C2002CF1DE /* AppDelegate.swift */; };
		A1C7C25019C107C2002CF1DE /* rootViewController.swift in Sources */ = {isa = PBXBuildFile; fileRef = A1C7C24F19C107C2002CF1DE /* rootViewController.swift */; };
		A1C7C25319C107C2002CF1DE /* Main.storyboard in Resources */ = {isa = PBXBuildFile; fileRef = A1C7C25119C107C2002CF1DE /* Main.storyboard */; };
		A1C7C25519C107C2002CF1DE /* Images.xcassets in Resources */ = {isa = PBXBuildFile; fileRef = A1C7C25419C107C2002CF1DE /* Images.xcassets */; };
		A1C7C25819C107C2002CF1DE /* LaunchScreen.xib in Resources */ = {isa = PBXBuildFile; fileRef = A1C7C25619C107C2002CF1DE /* LaunchScreen.xib */; };
		A1C7C26419C107C2002CF1DE /* DrawerTestTests.swift in Sources */ = {isa = PBXBuildFile; fileRef = A1C7C26319C107C2002CF1DE /* DrawerTestTests.swift */; };
		A1C7C26F19C10DC1002CF1DE /* drawerViewController.swift in Sources */ = {isa = PBXBuildFile; fileRef = A1C7C26E19C10DC1002CF1DE /* drawerViewController.swift */; };
/* End PBXBuildFile section */

/* Begin PBXContainerItemProxy section */
		A1C7C25E19C107C2002CF1DE /* PBXContainerItemProxy */ = {
			isa = PBXContainerItemProxy;
			containerPortal = A1C7C24019C107C2002CF1DE /* Project object */;
			proxyType = 1;
			remoteGlobalIDString = A1C7C24719C107C2002CF1DE;
			remoteInfo = DrawerTest;
		};
/* End PBXContainerItemProxy section */

/* Begin PBXFileReference section */
		74E3145652C244F3886D4C23 /* libPods.a */ = {isa = PBXFileReference; explicitFileType = archive.ar; includeInIndex = 0; path = libPods.a; sourceTree = BUILT_PRODUCTS_DIR; };
		876C4D10EE0D4288A51A74C8 /* Pods.xcconfig */ = {isa = PBXFileReference; includeInIndex = 1; lastKnownFileType = text.xcconfig; name = Pods.xcconfig; path = Pods/Pods.xcconfig; sourceTree = "<group>"; };
		A1C7C24819C107C2002CF1DE /* DrawerTest.app */ = {isa = PBXFileReference; explicitFileType = wrapper.application; includeInIndex = 0; path = DrawerTest.app; sourceTree = BUILT_PRODUCTS_DIR; };
		A1C7C24C19C107C2002CF1DE /* Info.plist */ = {isa = PBXFileReference; lastKnownFileType = text.plist.xml; path = Info.plist; sourceTree = "<group>"; };
		A1C7C24D19C107C2002CF1DE /* AppDelegate.swift */ = {isa = PBXFileReference; lastKnownFileType = sourcecode.swift; path = AppDelegate.swift; sourceTree = "<group>"; };
		A1C7C24F19C107C2002CF1DE /* rootViewController.swift */ = {isa = PBXFileReference; lastKnownFileType = sourcecode.swift; path = rootViewController.swift; sourceTree = "<group>"; };
		A1C7C25219C107C2002CF1DE /* Base */ = {isa = PBXFileReference; lastKnownFileType = file.storyboard; name = Base; path = Base.lproj/Main.storyboard; sourceTree = "<group>"; };
		A1C7C25419C107C2002CF1DE /* Images.xcassets */ = {isa = PBXFileReference; lastKnownFileType = folder.assetcatalog; path = Images.xcassets; sourceTree = "<group>"; };
		A1C7C25719C107C2002CF1DE /* Base */ = {isa = PBXFileReference; lastKnownFileType = file.xib; name = Base; path = Base.lproj/LaunchScreen.xib; sourceTree = "<group>"; };
		A1C7C25D19C107C2002CF1DE /* DrawerTestTests.xctest */ = {isa = PBXFileReference; explicitFileType = wrapper.cfbundle; includeInIndex = 0; path = DrawerTestTests.xctest; sourceTree = BUILT_PRODUCTS_DIR; };
		A1C7C26219C107C2002CF1DE /* Info.plist */ = {isa = PBXFileReference; lastKnownFileType = text.plist.xml; path = Info.plist; sourceTree = "<group>"; };
		A1C7C26319C107C2002CF1DE /* DrawerTestTests.swift */ = {isa = PBXFileReference; lastKnownFileType = sourcecode.swift; path = DrawerTestTests.swift; sourceTree = "<group>"; };
		A1C7C26D19C10A54002CF1DE /* bridging.h */ = {isa = PBXFileReference; lastKnownFileType = sourcecode.c.h; path = bridging.h; sourceTree = "<group>"; };
		A1C7C26E19C10DC1002CF1DE /* drawerViewController.swift */ = {isa = PBXFileReference; fileEncoding = 4; lastKnownFileType = sourcecode.swift; path = drawerViewController.swift; sourceTree = "<group>"; };
/* End PBXFileReference section */

/* Begin PBXFrameworksBuildPhase section */
		A1C7C24519C107C2002CF1DE /* Frameworks */ = {
			isa = PBXFrameworksBuildPhase;
			buildActionMask = 2147483647;
			files = (
				4522808994A74301B21BC320 /* libPods.a in Frameworks */,
			);
			runOnlyForDeploymentPostprocessing = 0;
		};
		A1C7C25A19C107C2002CF1DE /* Frameworks */ = {
			isa = PBXFrameworksBuildPhase;
			buildActionMask = 2147483647;
			files = (
			);
			runOnlyForDeploymentPostprocessing = 0;
		};
/* End PBXFrameworksBuildPhase section */

/* Begin PBXGroup section */
		31078DA3A2934CE39068CB3A /* Frameworks */ = {
			isa = PBXGroup;
			children = (
				74E3145652C244F3886D4C23 /* libPods.a */,
			);
			name = Frameworks;
			sourceTree = "<group>";
		};
		A1C7C23F19C107C2002CF1DE = {
			isa = PBXGroup;
			children = (
				A1C7C24A19C107C2002CF1DE /* DrawerTest */,
				A1C7C26019C107C2002CF1DE /* DrawerTestTests */,
				A1C7C24919C107C2002CF1DE /* Products */,
				876C4D10EE0D4288A51A74C8 /* Pods.xcconfig */,
				31078DA3A2934CE39068CB3A /* Frameworks */,
			);
			sourceTree = "<group>";
		};
		A1C7C24919C107C2002CF1DE /* Products */ = {
			isa = PBXGroup;
			children = (
				A1C7C24819C107C2002CF1DE /* DrawerTest.app */,
				A1C7C25D19C107C2002CF1DE /* DrawerTestTests.xctest */,
			);
			name = Products;
			sourceTree = "<group>";
		};
		A1C7C24A19C107C2002CF1DE /* DrawerTest */ = {
			isa = PBXGroup;
			children = (
				A1C7C24D19C107C2002CF1DE /* AppDelegate.swift */,
				A1C7C24F19C107C2002CF1DE /* rootViewController.swift */,
				A1C7C25119C107C2002CF1DE /* Main.storyboard */,
				A1C7C25419C107C2002CF1DE /* Images.xcassets */,
				A1C7C25619C107C2002CF1DE /* LaunchScreen.xib */,
				A1C7C24B19C107C2002CF1DE /* Supporting Files */,
				A1C7C26E19C10DC1002CF1DE /* drawerViewController.swift */,
			);
			path = DrawerTest;
			sourceTree = "<group>";
		};
		A1C7C24B19C107C2002CF1DE /* Supporting Files */ = {
			isa = PBXGroup;
			children = (
				A1C7C26D19C10A54002CF1DE /* bridging.h */,
				A1C7C24C19C107C2002CF1DE /* Info.plist */,
			);
			name = "Supporting Files";
			sourceTree = "<group>";
		};
		A1C7C26019C107C2002CF1DE /* DrawerTestTests */ = {
			isa = PBXGroup;
			children = (
				A1C7C26319C107C2002CF1DE /* DrawerTestTests.swift */,
				A1C7C26119C107C2002CF1DE /* Supporting Files */,
			);
			path = DrawerTestTests;
			sourceTree = "<group>";
		};
		A1C7C26119C107C2002CF1DE /* Supporting Files */ = {
			isa = PBXGroup;
			children = (
				A1C7C26219C107C2002CF1DE /* Info.plist */,
			);
			name = "Supporting Files";
			sourceTree = "<group>";
		};
/* End PBXGroup section */

/* Begin PBXNativeTarget section */
		A1C7C24719C107C2002CF1DE /* DrawerTest */ = {
			isa = PBXNativeTarget;
			buildConfigurationList = A1C7C26719C107C2002CF1DE /* Build configuration list for PBXNativeTarget "DrawerTest" */;
			buildPhases = (
				396677EFD8064241B1FCA3B9 /* Check Pods Manifest.lock */,
				A1C7C24419C107C2002CF1DE /* Sources */,
				A1C7C24519C107C2002CF1DE /* Frameworks */,
				A1C7C24619C107C2002CF1DE /* Resources */,
				2A8B57A6967A4C9CB108E112 /* Copy Pods Resources */,
			);
			buildRules = (
			);
			dependencies = (
			);
			name = DrawerTest;
			productName = DrawerTest;
			productReference = A1C7C24819C107C2002CF1DE /* DrawerTest.app */;
			productType = "com.apple.product-type.application";
		};
		A1C7C25C19C107C2002CF1DE /* DrawerTestTests */ = {
			isa = PBXNativeTarget;
			buildConfigurationList = A1C7C26A19C107C2002CF1DE /* Build configuration list for PBXNativeTarget "DrawerTestTests" */;
			buildPhases = (
				A1C7C25919C107C2002CF1DE /* Sources */,
				A1C7C25A19C107C2002CF1DE /* Frameworks */,
				A1C7C25B19C107C2002CF1DE /* Resources */,
			);
			buildRules = (
			);
			dependencies = (
				A1C7C25F19C107C2002CF1DE /* PBXTargetDependency */,
			);
			name = DrawerTestTests;
			productName = DrawerTestTests;
			productReference = A1C7C25D19C107C2002CF1DE /* DrawerTestTests.xctest */;
			productType = "com.apple.product-type.bundle.unit-test";
		};
/* End PBXNativeTarget section */

/* Begin PBXProject section */
		A1C7C24019C107C2002CF1DE /* Project object */ = {
			isa = PBXProject;
			attributes = {
				LastUpgradeCheck = 0600;
				ORGANIZATIONNAME = "Tom Kidd";
				TargetAttributes = {
					A1C7C24719C107C2002CF1DE = {
						CreatedOnToolsVersion = 6.0;
					};
					A1C7C25C19C107C2002CF1DE = {
						CreatedOnToolsVersion = 6.0;
						TestTargetID = A1C7C24719C107C2002CF1DE;
					};
				};
			};
			buildConfigurationList = A1C7C24319C107C2002CF1DE /* Build configuration list for PBXProject "DrawerTest" */;
			compatibilityVersion = "Xcode 3.2";
			developmentRegion = English;
			hasScannedForEncodings = 0;
			knownRegions = (
				en,
				Base,
			);
			mainGroup = A1C7C23F19C107C2002CF1DE;
			productRefGroup = A1C7C24919C107C2002CF1DE /* Products */;
			projectDirPath = "";
			projectRoot = "";
			targets = (
				A1C7C24719C107C2002CF1DE /* DrawerTest */,
				A1C7C25C19C107C2002CF1DE /* DrawerTestTests */,
			);
		};
/* End PBXProject section */

/* Begin PBXResourcesBuildPhase section */
		A1C7C24619C107C2002CF1DE /* Resources */ = {
			isa = PBXResourcesBuildPhase;
			buildActionMask = 2147483647;
			files = (
				A1C7C25319C107C2002CF1DE /* Main.storyboard in Resources */,
				A1C7C25819C107C2002CF1DE /* LaunchScreen.xib in Resources */,
				A1C7C25519C107C2002CF1DE /* Images.xcassets in Resources */,
			);
			runOnlyForDeploymentPostprocessing = 0;
		};
		A1C7C25B19C107C2002CF1DE /* Resources */ = {
			isa = PBXResourcesBuildPhase;
			buildActionMask = 2147483647;
			files = (
			);
			runOnlyForDeploymentPostprocessing = 0;
		};
/* End PBXResourcesBuildPhase section */

/* Begin PBXShellScriptBuildPhase section */
		2A8B57A6967A4C9CB108E112 /* Copy Pods Resources */ = {
			isa = PBXShellScriptBuildPhase;
			buildActionMask = 2147483647;
			files = (
			);
			inputPaths = (
			);
			name = "Copy Pods Resources";
			outputPaths = (
			);
			runOnlyForDeploymentPostprocessing = 0;
			shellPath = /bin/sh;
			shellScript = "\"${SRCROOT}/Pods/Pods-resources.sh\"\n";
			showEnvVarsInLog = 0;
		};
		396677EFD8064241B1FCA3B9 /* Check Pods Manifest.lock */ = {
			isa = PBXShellScriptBuildPhase;
			buildActionMask = 2147483647;
			files = (
			);
			inputPaths = (
			);
			name = "Check Pods Manifest.lock";
			outputPaths = (
			);
			runOnlyForDeploymentPostprocessing = 0;
			shellPath = /bin/sh;
			shellScript = "diff \"${PODS_ROOT}/../Podfile.lock\" \"${PODS_ROOT}/Manifest.lock\" > /dev/null\nif [[ $? != 0 ]] ; then\n    cat << EOM\nerror: The sandbox is not in sync with the Podfile.lock. Run 'pod install' or update your CocoaPods installation.\nEOM\n    exit 1\nfi\n";
			showEnvVarsInLog = 0;
		};
/* End PBXShellScriptBuildPhase section */

/* Begin PBXSourcesBuildPhase section */
		A1C7C24419C107C2002CF1DE /* Sources */ = {
			isa = PBXSourcesBuildPhase;
			buildActionMask = 2147483647;
			files = (
				A1C7C26F19C10DC1002CF1DE /* drawerViewController.swift in Sources */,
				A1C7C25019C107C2002CF1DE /* rootViewController.swift in Sources */,
				A1C7C24E19C107C2002CF1DE /* AppDelegate.swift in Sources */,
			);
			runOnlyForDeploymentPostprocessing = 0;
		};
		A1C7C25919C107C2002CF1DE /* Sources */ = {
			isa = PBXSourcesBuildPhase;
			buildActionMask = 2147483647;
			files = (
				A1C7C26419C107C2002CF1DE /* DrawerTestTests.swift in Sources */,
			);
			runOnlyForDeploymentPostprocessing = 0;
		};
/* End PBXSourcesBuildPhase section */

/* Begin PBXTargetDependency section */
		A1C7C25F19C107C2002CF1DE /* PBXTargetDependency */ = {
			isa = PBXTargetDependency;
			target = A1C7C24719C107C2002CF1DE /* DrawerTest */;
			targetProxy = A1C7C25E19C107C2002CF1DE /* PBXContainerItemProxy */;
		};
/* End PBXTargetDependency section */

/* Begin PBXVariantGroup section */
		A1C7C25119C107C2002CF1DE /* Main.storyboard */ = {
			isa = PBXVariantGroup;
			children = (
				A1C7C25219C107C2002CF1DE /* Base */,
			);
			name = Main.storyboard;
			sourceTree = "<group>";
		};
		A1C7C25619C107C2002CF1DE /* LaunchScreen.xib */ = {
			isa = PBXVariantGroup;
			children = (
				A1C7C25719C107C2002CF1DE /* Base */,
			);
			name = LaunchScreen.xib;
			sourceTree = "<group>";
		};
/* End PBXVariantGroup section */

/* Begin XCBuildConfiguration section */
		A1C7C26519C107C2002CF1DE /* Debug */ = {
			isa = XCBuildConfiguration;
			buildSettings = {
				ALWAYS_SEARCH_USER_PATHS = NO;
				CLANG_CXX_LANGUAGE_STANDARD = "gnu++0x";
				CLANG_CXX_LIBRARY = "libc++";
				CLANG_ENABLE_MODULES = YES;
				CLANG_ENABLE_OBJC_ARC = YES;
				CLANG_WARN_BOOL_CONVERSION = YES;
				CLANG_WARN_CONSTANT_CONVERSION = YES;
				CLANG_WARN_DIRECT_OBJC_ISA_USAGE = YES_ERROR;
				CLANG_WARN_EMPTY_BODY = YES;
				CLANG_WARN_ENUM_CONVERSION = YES;
				CLANG_WARN_INT_CONVERSION = YES;
				CLANG_WARN_OBJC_ROOT_CLASS = YES_ERROR;
				CLANG_WARN_UNREACHABLE_CODE = YES;
				CLANG_WARN__DUPLICATE_METHOD_MATCH = YES;
				"CODE_SIGN_IDENTITY[sdk=iphoneos*]" = "iPhone Developer";
				COPY_PHASE_STRIP = NO;
				ENABLE_STRICT_OBJC_MSGSEND = YES;
				GCC_C_LANGUAGE_STANDARD = gnu99;
				GCC_DYNAMIC_NO_PIC = NO;
				GCC_OPTIMIZATION_LEVEL = 0;
				GCC_PREPROCESSOR_DEFINITIONS = (
					"DEBUG=1",
					"$(inherited)",
				);
				GCC_SYMBOLS_PRIVATE_EXTERN = NO;
				GCC_WARN_64_TO_32_BIT_CONVERSION = YES;
				GCC_WARN_ABOUT_RETURN_TYPE = YES_ERROR;
				GCC_WARN_UNDECLARED_SELECTOR = YES;
				GCC_WARN_UNINITIALIZED_AUTOS = YES_AGGRESSIVE;
				GCC_WARN_UNUSED_FUNCTION = YES;
				GCC_WARN_UNUSED_VARIABLE = YES;
				IPHONEOS_DEPLOYMENT_TARGET = 8.0;
				MTL_ENABLE_DEBUG_INFO = YES;
				ONLY_ACTIVE_ARCH = YES;
				SDKROOT = iphoneos;
				SWIFT_OPTIMIZATION_LEVEL = "-Onone";
				TARGETED_DEVICE_FAMILY = "1,2";
			};
			name = Debug;
		};
		A1C7C26619C107C2002CF1DE /* Release */ = {
			isa = XCBuildConfiguration;
			buildSettings = {
				ALWAYS_SEARCH_USER_PATHS = NO;
				CLANG_CXX_LANGUAGE_STANDARD = "gnu++0x";
				CLANG_CXX_LIBRARY = "libc++";
				CLANG_ENABLE_MODULES = YES;
				CLANG_ENABLE_OBJC_ARC = YES;
				CLANG_WARN_BOOL_CONVERSION = YES;
				CLANG_WARN_CONSTANT_CONVERSION = YES;
				CLANG_WARN_DIRECT_OBJC_ISA_USAGE = YES_ERROR;
				CLANG_WARN_EMPTY_BODY = YES;
				CLANG_WARN_ENUM_CONVERSION = YES;
				CLANG_WARN_INT_CONVERSION = YES;
				CLANG_WARN_OBJC_ROOT_CLASS = YES_ERROR;
				CLANG_WARN_UNREACHABLE_CODE = YES;
				CLANG_WARN__DUPLICATE_METHOD_MATCH = YES;
				"CODE_SIGN_IDENTITY[sdk=iphoneos*]" = "iPhone Developer";
				COPY_PHASE_STRIP = YES;
				ENABLE_NS_ASSERTIONS = NO;
				ENABLE_STRICT_OBJC_MSGSEND = YES;
				GCC_C_LANGUAGE_STANDARD = gnu99;
				GCC_WARN_64_TO_32_BIT_CONVERSION = YES;
				GCC_WARN_ABOUT_RETURN_TYPE = YES_ERROR;
				GCC_WARN_UNDECLARED_SELECTOR = YES;
				GCC_WARN_UNINITIALIZED_AUTOS = YES_AGGRESSIVE;
				GCC_WARN_UNUSED_FUNCTION = YES;
				GCC_WARN_UNUSED_VARIABLE = YES;
				IPHONEOS_DEPLOYMENT_TARGET = 8.0;
				MTL_ENABLE_DEBUG_INFO = NO;
				SDKROOT = iphoneos;
				TARGETED_DEVICE_FAMILY = "1,2";
				VALIDATE_PRODUCT = YES;
			};
			name = Release;
		};
		A1C7C26819C107C2002CF1DE /* Debug */ = {
			isa = XCBuildConfiguration;
			baseConfigurationReference = 876C4D10EE0D4288A51A74C8 /* Pods.xcconfig */;
			buildSettings = {
				ASSETCATALOG_COMPILER_APPICON_NAME = AppIcon;
				INFOPLIST_FILE = DrawerTest/Info.plist;
				LD_RUNPATH_SEARCH_PATHS = "$(inherited) @executable_path/Frameworks";
				PRODUCT_NAME = "$(TARGET_NAME)";
				SWIFT_OBJC_BRIDGING_HEADER = DrawerTest/bridging.h;
			};
			name = Debug;
		};
		A1C7C26919C107C2002CF1DE /* Release */ = {
			isa = XCBuildConfiguration;
			baseConfigurationReference = 876C4D10EE0D4288A51A74C8 /* Pods.xcconfig */;
			buildSettings = {
				ASSETCATALOG_COMPILER_APPICON_NAME = AppIcon;
				INFOPLIST_FILE = DrawerTest/Info.plist;
				LD_RUNPATH_SEARCH_PATHS = "$(inherited) @executable_path/Frameworks";
				PRODUCT_NAME = "$(TARGET_NAME)";
				SWIFT_OBJC_BRIDGING_HEADER = DrawerTest/bridging.h;
			};
			name = Release;
		};
		A1C7C26B19C107C2002CF1DE /* Debug */ = {
			isa = XCBuildConfiguration;
			buildSettings = {
				BUNDLE_LOADER = "$(TEST_HOST)";
				FRAMEWORK_SEARCH_PATHS = (
					"$(SDKROOT)/Developer/Library/Frameworks",
					"$(inherited)",
				);
				GCC_PREPROCESSOR_DEFINITIONS = (
					"DEBUG=1",
					"$(inherited)",
				);
				INFOPLIST_FILE = DrawerTestTests/Info.plist;
				LD_RUNPATH_SEARCH_PATHS = "$(inherited) @executable_path/Frameworks @loader_path/Frameworks";
				PRODUCT_NAME = "$(TARGET_NAME)";
				TEST_HOST = "$(BUILT_PRODUCTS_DIR)/DrawerTest.app/DrawerTest";
			};
			name = Debug;
		};
		A1C7C26C19C107C2002CF1DE /* Release */ = {
			isa = XCBuildConfiguration;
			buildSettings = {
				BUNDLE_LOADER = "$(TEST_HOST)";
				FRAMEWORK_SEARCH_PATHS = (
					"$(SDKROOT)/Developer/Library/Frameworks",
					"$(inherited)",
				);
				INFOPLIST_FILE = DrawerTestTests/Info.plist;
				LD_RUNPATH_SEARCH_PATHS = "$(inherited) @executable_path/Frameworks @loader_path/Frameworks";
				PRODUCT_NAME = "$(TARGET_NAME)";
				TEST_HOST = "$(BUILT_PRODUCTS_DIR)/DrawerTest.app/DrawerTest";
			};
			name = Release;
		};
/* End XCBuildConfiguration section */

/* Begin XCConfigurationList section */
		A1C7C24319C107C2002CF1DE /* Build configuration list for PBXProject "DrawerTest" */ = {
			isa = XCConfigurationList;
			buildConfigurations = (
				A1C7C26519C107C2002CF1DE /* Debug */,
				A1C7C26619C107C2002CF1DE /* Release */,
			);
			defaultConfigurationIsVisible = 0;
			defaultConfigurationName = Release;
		};
		A1C7C26719C107C2002CF1DE /* Build configuration list for PBXNativeTarget "DrawerTest" */ = {
			isa = XCConfigurationList;
			buildConfigurations = (
				A1C7C26819C107C2002CF1DE /* Debug */,
				A1C7C26919C107C2002CF1DE /* Release */,
			);
			defaultConfigurationIsVisible = 0;
			defaultConfigurationName = Release;
		};
		A1C7C26A19C107C2002CF1DE /* Build configuration list for PBXNativeTarget "DrawerTestTests" */ = {
			isa = XCConfigurationList;
			buildConfigurations = (
				A1C7C26B19C107C2002CF1DE /* Debug */,
				A1C7C26C19C107C2002CF1DE /* Release */,
			);
			defaultConfigurationIsVisible = 0;
			defaultConfigurationName = Release;
		};
/* End XCConfigurationList section */
	};
	rootObject = A1C7C24019C107C2002CF1DE /* Project object */;
}
